
Microsoft Visual Studio Solution File, Format Version 12.00
# Visual Studio Version 17
VisualStudioVersion = 17.14.36518.9
MinimumVisualStudioVersion = 10.0.40219.1
Project("{FAE04EC0-301F-11D3-BF4B-00C04F79EFBC}") = "w2ds", "w2ds\w2ds.csproj", "{8084C10E-843D-306F-FFF3-B396E6CFD4B7}"
EndProject
Project("{FAE04EC0-301F-11D3-BF4B-00C04F79EFBC}") = "w2ds.Utility", "w2ds.Utility\w2ds.Utility.csproj", "{62FFA5BD-E15D-65EE-6365-5AFE42316BAD}"
EndProject
Global
	GlobalSection(SolutionConfigurationPlatforms) = preSolution
		Debug|Any CPU = Debug|Any CPU
		Release|Any CPU = Release|Any CPU
	EndGlobalSection
	GlobalSection(ProjectConfigurationPlatforms) = postSolution
		{8084C10E-843D-306F-FFF3-B396E6CFD4B7}.Debug|Any CPU.ActiveCfg = Debug|Any CPU
		{8084C10E-843D-306F-FFF3-B396E6CFD4B7}.Debug|Any CPU.Build.0 = Debug|Any CPU
		{8084C10E-843D-306F-FFF3-B396E6CFD4B7}.Release|Any CPU.ActiveCfg = Release|Any CPU
		{8084C10E-843D-306F-FFF3-B396E6CFD4B7}.Release|Any CPU.Build.0 = Release|Any CPU
		{62FFA5BD-E15D-65EE-6365-5AFE42316BAD}.Debug|Any CPU.ActiveCfg = Debug|Any CPU
		{62FFA5BD-E15D-65EE-6365-5AFE42316BAD}.Debug|Any CPU.Build.0 = Debug|Any CPU
		{62FFA5BD-E15D-65EE-6365-5AFE42316BAD}.Release|Any CPU.ActiveCfg = Release|Any CPU
		{62FFA5BD-E15D-65EE-6365-5AFE42316BAD}.Release|Any CPU.Build.0 = Release|Any CPU
	EndGlobalSection
	GlobalSection(SolutionProperties) = preSolution
		HideSolutionNode = FALSE
	EndGlobalSection
	GlobalSection(ExtensibilityGlobals) = postSolution
		SolutionGuid = {BFDAF311-4249-4DFD-8680-ADA2AA29B913}
	EndGlobalSection
EndGlobal
